
Microsoft Visual Studio Solution File, Format Version 12.00
# Visual Studio Version 17
VisualStudioVersion = 17.3.32901.215
MinimumVisualStudioVersion = 10.0.40219.1
Project("{FAE04EC0-301F-11D3-BF4B-00C04F79EFBC}") = "Planen", "Planen\Planen.csproj", "{F88E1763-9504-40BD-8F7C-690952345B80}"
EndProject
Global
	GlobalSection(SolutionConfigurationPlatforms) = preSolution
		Debug|Any CPU = Debug|Any CPU
		Release|Any CPU = Release|Any CPU
	EndGlobalSection
	GlobalSection(ProjectConfigurationPlatforms) = postSolution
		{F88E1763-9504-40BD-8F7C-690952345B80}.Debug|Any CPU.ActiveCfg = Debug|Any CPU
		{F88E1763-9504-40BD-8F7C-690952345B80}.Debug|Any CPU.Build.0 = Debug|Any CPU
		{F88E1763-9504-40BD-8F7C-690952345B80}.Release|Any CPU.ActiveCfg = Release|Any CPU
		{F88E1763-9504-40BD-8F7C-690952345B80}.Release|Any CPU.Build.0 = Release|Any CPU
	EndGlobalSection
	GlobalSection(SolutionProperties) = preSolution
		HideSolutionNode = FALSE
	EndGlobalSection
	GlobalSection(ExtensibilityGlobals) = postSolution
		SolutionGuid = {FF97D638-3DC1-49DF-956D-2CD6F85AF974}
	EndGlobalSection
EndGlobal
