
Microsoft Visual Studio Solution File, Format Version 12.00
# Visual Studio Version 17
VisualStudioVersion = 17.3.32819.101
MinimumVisualStudioVersion = 10.0.40219.1
Project("{9A19103F-16F7-4668-BE54-9A1E7A4F7556}") = "Login", "Login\Login.csproj", "{DA739BA4-8E43-4227-901A-B6B2E5D23B0F}"
EndProject
Global
	GlobalSection(SolutionConfigurationPlatforms) = preSolution
		Debug|Any CPU = Debug|Any CPU
		Release|Any CPU = Release|Any CPU
	EndGlobalSection
	GlobalSection(ProjectConfigurationPlatforms) = postSolution
		{DA739BA4-8E43-4227-901A-B6B2E5D23B0F}.Debug|Any CPU.ActiveCfg = Debug|Any CPU
		{DA739BA4-8E43-4227-901A-B6B2E5D23B0F}.Debug|Any CPU.Build.0 = Debug|Any CPU
		{DA739BA4-8E43-4227-901A-B6B2E5D23B0F}.Release|Any CPU.ActiveCfg = Release|Any CPU
		{DA739BA4-8E43-4227-901A-B6B2E5D23B0F}.Release|Any CPU.Build.0 = Release|Any CPU
	EndGlobalSection
	GlobalSection(SolutionProperties) = preSolution
		HideSolutionNode = FALSE
	EndGlobalSection
	GlobalSection(ExtensibilityGlobals) = postSolution
		SolutionGuid = {301A6FF4-4BFF-42E9-BDBC-61C2F20EB415}
	EndGlobalSection
EndGlobal
