
Microsoft Visual Studio Solution File, Format Version 12.00
# Visual Studio Version 17
VisualStudioVersion = 17.3.32819.101
MinimumVisualStudioVersion = 10.0.40219.1
Project("{FAE04EC0-301F-11D3-BF4B-00C04F79EFBC}") = "Planen", "Planen\Planen.csproj", "{F2A66E3E-04AB-4B53-B758-D7BB5860CC53}"
EndProject
Global
	GlobalSection(SolutionConfigurationPlatforms) = preSolution
		Debug|Any CPU = Debug|Any CPU
		Release|Any CPU = Release|Any CPU
	EndGlobalSection
	GlobalSection(ProjectConfigurationPlatforms) = postSolution
		{F2A66E3E-04AB-4B53-B758-D7BB5860CC53}.Debug|Any CPU.ActiveCfg = Debug|Any CPU
		{F2A66E3E-04AB-4B53-B758-D7BB5860CC53}.Debug|Any CPU.Build.0 = Debug|Any CPU
		{F2A66E3E-04AB-4B53-B758-D7BB5860CC53}.Release|Any CPU.ActiveCfg = Release|Any CPU
		{F2A66E3E-04AB-4B53-B758-D7BB5860CC53}.Release|Any CPU.Build.0 = Release|Any CPU
	EndGlobalSection
	GlobalSection(SolutionProperties) = preSolution
		HideSolutionNode = FALSE
	EndGlobalSection
	GlobalSection(ExtensibilityGlobals) = postSolution
		SolutionGuid = {9BEE7C5A-EB53-46C5-9D23-CE3966095186}
	EndGlobalSection
EndGlobal
